// !$*UTF8*$!
{
	archiveVersion = 1;
	classes = {
	};
	objectVersion = 77;
	objects = {

/* Begin PBXBuildFile section */
		783ADE5EF854A20A98DD559F /* StupidWidgetsMacApp.swift in Sources */ = {isa = PBXBuildFile; fileRef = B763838C3F0781CD61BBCFB0 /* StupidWidgetsMacApp.swift */; };
		794F0F10A40486139EFC9D08 /* StupidWidgetsCore in Frameworks */ = {isa = PBXBuildFile; productRef = C5537314A827C34FA8F1C64C /* StupidWidgetsCore */; };
/* End PBXBuildFile section */

/* Begin PBXFileReference section */
		177F828C3BF1FC044E19721A /* StupidWidgetsMac.app */ = {isa = PBXFileReference; explicitFileType = wrapper.application; includeInIndex = 0; path = StupidWidgetsMac.app; sourceTree = BUILT_PRODUCTS_DIR; };
		1E185C7C5FCFFF97F495B938 /* stupid-widgets */ = {isa = PBXFileReference; lastKnownFileType = folder; name = "stupid-widgets"; path = "../stupid-widgets"; sourceTree = SOURCE_ROOT; };
		B763838C3F0781CD61BBCFB0 /* StupidWidgetsMacApp.swift */ = {isa = PBXFileReference; lastKnownFileType = sourcecode.swift; path = StupidWidgetsMacApp.swift; sourceTree = "<group>"; };
/* End PBXFileReference section */

/* Begin PBXFrameworksBuildPhase section */
		5D351D69119E6E49B5DAC913 /* Frameworks */ = {
			isa = PBXFrameworksBuildPhase;
			buildActionMask = 2147483647;
			files = (
				794F0F10A40486139EFC9D08 /* StupidWidgetsCore in Frameworks */,
			);
			runOnlyForDeploymentPostprocessing = 0;
		};
/* End PBXFrameworksBuildPhase section */

/* Begin PBXGroup section */
		2DEDAE55D8F66EB82F57E4E2 /* Sources */ = {
			isa = PBXGroup;
			children = (
				3089FD83F86DF9C383006816 /* StupidWidgetsMac */,
			);
			path = Sources;
			sourceTree = "<group>";
		};
		3089FD83F86DF9C383006816 /* StupidWidgetsMac */ = {
			isa = PBXGroup;
			children = (
				B763838C3F0781CD61BBCFB0 /* StupidWidgetsMacApp.swift */,
			);
			path = StupidWidgetsMac;
			sourceTree = "<group>";
		};
		6B9294E896CE824ED833EB18 /* Packages */ = {
			isa = PBXGroup;
			children = (
				1E185C7C5FCFFF97F495B938 /* stupid-widgets */,
			);
			name = Packages;
			sourceTree = "<group>";
		};
		CB8F38B5991AD62042CC7891 /* Products */ = {
			isa = PBXGroup;
			children = (
				177F828C3BF1FC044E19721A /* StupidWidgetsMac.app */,
			);
			name = Products;
			sourceTree = "<group>";
		};
		F66E231D6B3DCB9130B09428 = {
			isa = PBXGroup;
			children = (
				6B9294E896CE824ED833EB18 /* Packages */,
				2DEDAE55D8F66EB82F57E4E2 /* Sources */,
				CB8F38B5991AD62042CC7891 /* Products */,
			);
			sourceTree = "<group>";
		};
/* End PBXGroup section */

/* Begin PBXNativeTarget section */
		330EB143DCD74065A6C7F9AC /* StupidWidgetsMac */ = {
			isa = PBXNativeTarget;
			buildConfigurationList = C9FE55CFF0C5EB17ACF5811A /* Build configuration list for PBXNativeTarget "StupidWidgetsMac" */;
			buildPhases = (
				FAA8A4888CE7761534BE9849 /* Sources */,
				5D351D69119E6E49B5DAC913 /* Frameworks */,
			);
			buildRules = (
			);
			dependencies = (
			);
			name = StupidWidgetsMac;
			packageProductDependencies = (
				C5537314A827C34FA8F1C64C /* StupidWidgetsCore */,
			);
			productName = StupidWidgetsMac;
			productReference = 177F828C3BF1FC044E19721A /* StupidWidgetsMac.app */;
			productType = "com.apple.product-type.application";
		};
/* End PBXNativeTarget section */

/* Begin PBXProject section */
		CCAE4BCFBF25581551D7838E /* Project object */ = {
			isa = PBXProject;
			attributes = {
				BuildIndependentTargetsInParallel = YES;
				LastUpgradeCheck = 1430;
				TargetAttributes = {
					330EB143DCD74065A6C7F9AC = {
						DevelopmentTeam = 6JKMV57Y77;
						ProvisioningStyle = Automatic;
					};
				};
			};
			buildConfigurationList = 2D25F6ED2FD683DCA6727D64 /* Build configuration list for PBXProject "StupidWidgetsMac" */;
			developmentRegion = en;
			hasScannedForEncodings = 0;
			knownRegions = (
				Base,
				en,
			);
			mainGroup = F66E231D6B3DCB9130B09428;
			minimizedProjectReferenceProxies = 1;
			packageReferences = (
				EECD4AAE979B670F4595B37D /* XCLocalSwiftPackageReference "../stupid-widgets" */,
			);
			preferredProjectObjectVersion = 77;
			productRefGroup = CB8F38B5991AD62042CC7891 /* Products */;
			projectDirPath = "";
			projectRoot = "";
			targets = (
				330EB143DCD74065A6C7F9AC /* StupidWidgetsMac */,
			);
		};
/* End PBXProject section */

/* Begin PBXSourcesBuildPhase section */
		FAA8A4888CE7761534BE9849 /* Sources */ = {
			isa = PBXSourcesBuildPhase;
			buildActionMask = 2147483647;
			files = (
				783ADE5EF854A20A98DD559F /* StupidWidgetsMacApp.swift in Sources */,
			);
			runOnlyForDeploymentPostprocessing = 0;
		};
/* End PBXSourcesBuildPhase section */

/* Begin XCBuildConfiguration section */
		16884FF0F993F3916C2A15FE /* Release */ = {
			isa = XCBuildConfiguration;
			buildSettings = {
				ALWAYS_SEARCH_USER_PATHS = NO;
				CLANG_ANALYZER_NONNULL = YES;
				CLANG_ANALYZER_NUMBER_OBJECT_CONVERSION = YES_AGGRESSIVE;
				CLANG_CXX_LANGUAGE_STANDARD = "gnu++14";
				CLANG_CXX_LIBRARY = "libc++";
				CLANG_ENABLE_MODULES = YES;
				CLANG_ENABLE_OBJC_ARC = YES;
				CLANG_ENABLE_OBJC_WEAK = YES;
				CLANG_WARN_BLOCK_CAPTURE_AUTORELEASING = YES;
				CLANG_WARN_BOOL_CONVERSION = YES;
				CLANG_WARN_COMMA = YES;
				CLANG_WARN_CONSTANT_CONVERSION = YES;
				CLANG_WARN_DEPRECATED_OBJC_IMPLEMENTATIONS = YES;
				CLANG_WARN_DIRECT_OBJC_ISA_USAGE = YES_ERROR;
				CLANG_WARN_DOCUMENTATION_COMMENTS = YES;
				CLANG_WARN_EMPTY_BODY = YES;
				CLANG_WARN_ENUM_CONVERSION = YES;
				CLANG_WARN_INFINITE_RECURSION = YES;
				CLANG_WARN_INT_CONVERSION = YES;
				CLANG_WARN_NON_LITERAL_NULL_CONVERSION = YES;
				CLANG_WARN_OBJC_IMPLICIT_RETAIN_SELF = YES;
				CLANG_WARN_OBJC_LITERAL_CONVERSION = YES;
				CLANG_WARN_OBJC_ROOT_CLASS = YES_ERROR;
				CLANG_WARN_QUOTED_INCLUDE_IN_FRAMEWORK_HEADER = YES;
				CLANG_WARN_RANGE_LOOP_ANALYSIS = YES;
				CLANG_WARN_STRICT_PROTOTYPES = YES;
				CLANG_WARN_SUSPICIOUS_MOVE = YES;
				CLANG_WARN_UNGUARDED_AVAILABILITY = YES_AGGRESSIVE;
				CLANG_WARN_UNREACHABLE_CODE = YES;
				CLANG_WARN__DUPLICATE_METHOD_MATCH = YES;
				COPY_PHASE_STRIP = NO;
				DEBUG_INFORMATION_FORMAT = "dwarf-with-dsym";
				DEVELOPMENT_TEAM = "";
				ENABLE_NS_ASSERTIONS = NO;
				ENABLE_STRICT_OBJC_MSGSEND = YES;
				GCC_C_LANGUAGE_STANDARD = gnu11;
				GCC_NO_COMMON_BLOCKS = YES;
				GCC_WARN_64_TO_32_BIT_CONVERSION = YES;
				GCC_WARN_ABOUT_RETURN_TYPE = YES_ERROR;
				GCC_WARN_UNDECLARED_SELECTOR = YES;
				GCC_WARN_UNINITIALIZED_AUTOS = YES_AGGRESSIVE;
				GCC_WARN_UNUSED_FUNCTION = YES;
				GCC_WARN_UNUSED_VARIABLE = YES;
				IPHONEOS_DEPLOYMENT_TARGET = 17.0;
				MACOSX_DEPLOYMENT_TARGET = 14.0;
				MTL_ENABLE_DEBUG_INFO = NO;
				MTL_FAST_MATH = YES;
				PRODUCT_NAME = "$(TARGET_NAME)";
				SDKROOT = macosx;
				SWIFT_COMPILATION_MODE = wholemodule;
				SWIFT_OPTIMIZATION_LEVEL = "-O";
				SWIFT_VERSION = 6.0;
			};
			name = Release;
		};
		23C502167856C0D2F60D41DB /* Release */ = {
			isa = XCBuildConfiguration;
			buildSettings = {
				ASSETCATALOG_COMPILER_APPICON_NAME = AppIcon;
				CODE_SIGN_ENTITLEMENTS = StupidWidgetsMac.entitlements;
				CODE_SIGN_IDENTITY = "-";
				"CODE_SIGN_IDENTITY[sdk=macosx*]" = "Apple Development";
				CODE_SIGN_STYLE = Automatic;
				COMBINE_HIDPI_IMAGES = YES;
				DERIVE_MACCATALYST_PRODUCT_BUNDLE_IDENTIFIER = NO;
				DEVELOPMENT_TEAM = 6JKMV57Y77;
				GENERATE_INFOPLIST_FILE = YES;
				INFOPLIST_KEY_CFBundleDisplayName = "stupid widgets";
				INFOPLIST_KEY_LSApplicationCategoryType = "public.app-category.productivity";
				LD_RUNPATH_SEARCH_PATHS = (
					"$(inherited)",
					"@executable_path/../Frameworks",
				);
				MACOSX_DEPLOYMENT_TARGET = 14.0;
				PRODUCT_BUNDLE_IDENTIFIER = net.stupidtech.stupidwidgets;
				PRODUCT_NAME = "$(TARGET_NAME)";
				SDKROOT = macosx;
				SUPPORTS_MACCATALYST = YES;
				TARGETED_DEVICE_FAMILY = "1,2";
			};
			name = Release;
		};
		7072A01BA9736EF470B0DA73 /* Debug */ = {
			isa = XCBuildConfiguration;
			buildSettings = {
				ALWAYS_SEARCH_USER_PATHS = NO;
				CLANG_ANALYZER_NONNULL = YES;
				CLANG_ANALYZER_NUMBER_OBJECT_CONVERSION = YES_AGGRESSIVE;
				CLANG_CXX_LANGUAGE_STANDARD = "gnu++14";
				CLANG_CXX_LIBRARY = "libc++";
				CLANG_ENABLE_MODULES = YES;
				CLANG_ENABLE_OBJC_ARC = YES;
				CLANG_ENABLE_OBJC_WEAK = YES;
				CLANG_WARN_BLOCK_CAPTURE_AUTORELEASING = YES;
				CLANG_WARN_BOOL_CONVERSION = YES;
				CLANG_WARN_COMMA = YES;
				CLANG_WARN_CONSTANT_CONVERSION = YES;
				CLANG_WARN_DEPRECATED_OBJC_IMPLEMENTATIONS = YES;
				CLANG_WARN_DIRECT_OBJC_ISA_USAGE = YES_ERROR;
				CLANG_WARN_DOCUMENTATION_COMMENTS = YES;
				CLANG_WARN_EMPTY_BODY = YES;
				CLANG_WARN_ENUM_CONVERSION = YES;
				CLANG_WARN_INFINITE_RECURSION = YES;
				CLANG_WARN_INT_CONVERSION = YES;
				CLANG_WARN_NON_LITERAL_NULL_CONVERSION = YES;
				CLANG_WARN_OBJC_IMPLICIT_RETAIN_SELF = YES;
				CLANG_WARN_OBJC_LITERAL_CONVERSION = YES;
				CLANG_WARN_OBJC_ROOT_CLASS = YES_ERROR;
				CLANG_WARN_QUOTED_INCLUDE_IN_FRAMEWORK_HEADER = YES;
				CLANG_WARN_RANGE_LOOP_ANALYSIS = YES;
				CLANG_WARN_STRICT_PROTOTYPES = YES;
				CLANG_WARN_SUSPICIOUS_MOVE = YES;
				CLANG_WARN_UNGUARDED_AVAILABILITY = YES_AGGRESSIVE;
				CLANG_WARN_UNREACHABLE_CODE = YES;
				CLANG_WARN__DUPLICATE_METHOD_MATCH = YES;
				COPY_PHASE_STRIP = NO;
				DEBUG_INFORMATION_FORMAT = dwarf;
				DEVELOPMENT_TEAM = "";
				ENABLE_STRICT_OBJC_MSGSEND = YES;
				ENABLE_TESTABILITY = YES;
				GCC_C_LANGUAGE_STANDARD = gnu11;
				GCC_DYNAMIC_NO_PIC = NO;
				GCC_NO_COMMON_BLOCKS = YES;
				GCC_OPTIMIZATION_LEVEL = 0;
				GCC_PREPROCESSOR_DEFINITIONS = (
					"$(inherited)",
					"DEBUG=1",
				);
				GCC_WARN_64_TO_32_BIT_CONVERSION = YES;
				GCC_WARN_ABOUT_RETURN_TYPE = YES_ERROR;
				GCC_WARN_UNDECLARED_SELECTOR = YES;
				GCC_WARN_UNINITIALIZED_AUTOS = YES_AGGRESSIVE;
				GCC_WARN_UNUSED_FUNCTION = YES;
				GCC_WARN_UNUSED_VARIABLE = YES;
				IPHONEOS_DEPLOYMENT_TARGET = 17.0;
				MACOSX_DEPLOYMENT_TARGET = 14.0;
				MTL_ENABLE_DEBUG_INFO = INCLUDE_SOURCE;
				MTL_FAST_MATH = YES;
				ONLY_ACTIVE_ARCH = YES;
				PRODUCT_NAME = "$(TARGET_NAME)";
				SDKROOT = macosx;
				SWIFT_ACTIVE_COMPILATION_CONDITIONS = DEBUG;
				SWIFT_OPTIMIZATION_LEVEL = "-Onone";
				SWIFT_VERSION = 6.0;
			};
			name = Debug;
		};
		BF2F2F2C441F0D6ABCDE560D /* Debug */ = {
			isa = XCBuildConfiguration;
			buildSettings = {
				ASSETCATALOG_COMPILER_APPICON_NAME = AppIcon;
				CODE_SIGN_ENTITLEMENTS = StupidWidgetsMac.entitlements;
				CODE_SIGN_IDENTITY = "-";
				"CODE_SIGN_IDENTITY[sdk=macosx*]" = "Apple Development";
				CODE_SIGN_STYLE = Automatic;
				COMBINE_HIDPI_IMAGES = YES;
				DERIVE_MACCATALYST_PRODUCT_BUNDLE_IDENTIFIER = NO;
				DEVELOPMENT_TEAM = 6JKMV57Y77;
				GENERATE_INFOPLIST_FILE = YES;
				INFOPLIST_KEY_CFBundleDisplayName = "stupid widgets";
				INFOPLIST_KEY_LSApplicationCategoryType = "public.app-category.productivity";
				LD_RUNPATH_SEARCH_PATHS = (
					"$(inherited)",
					"@executable_path/../Frameworks",
				);
				MACOSX_DEPLOYMENT_TARGET = 14.0;
				PRODUCT_BUNDLE_IDENTIFIER = net.stupidtech.stupidwidgets;
				PRODUCT_NAME = "$(TARGET_NAME)";
				SDKROOT = macosx;
				SUPPORTS_MACCATALYST = YES;
				TARGETED_DEVICE_FAMILY = "1,2";
			};
			name = Debug;
		};
/* End XCBuildConfiguration section */

/* Begin XCConfigurationList section */
		2D25F6ED2FD683DCA6727D64 /* Build configuration list for PBXProject "StupidWidgetsMac" */ = {
			isa = XCConfigurationList;
			buildConfigurations = (
				7072A01BA9736EF470B0DA73 /* Debug */,
				16884FF0F993F3916C2A15FE /* Release */,
			);
			defaultConfigurationIsVisible = 0;
			defaultConfigurationName = Debug;
		};
		C9FE55CFF0C5EB17ACF5811A /* Build configuration list for PBXNativeTarget "StupidWidgetsMac" */ = {
			isa = XCConfigurationList;
			buildConfigurations = (
				BF2F2F2C441F0D6ABCDE560D /* Debug */,
				23C502167856C0D2F60D41DB /* Release */,
			);
			defaultConfigurationIsVisible = 0;
			defaultConfigurationName = Debug;
		};
/* End XCConfigurationList section */

/* Begin XCLocalSwiftPackageReference section */
		EECD4AAE979B670F4595B37D /* XCLocalSwiftPackageReference "../stupid-widgets" */ = {
			isa = XCLocalSwiftPackageReference;
			relativePath = "../stupid-widgets";
		};
/* End XCLocalSwiftPackageReference section */

/* Begin XCSwiftPackageProductDependency section */
		C5537314A827C34FA8F1C64C /* StupidWidgetsCore */ = {
			isa = XCSwiftPackageProductDependency;
			productName = StupidWidgetsCore;
		};
/* End XCSwiftPackageProductDependency section */
	};
	rootObject = CCAE4BCFBF25581551D7838E /* Project object */;
}
